
Microsoft Visual Studio Solution File, Format Version 12.00
# Visual Studio Version 16
VisualStudioVersion = 16.0.31321.278
MinimumVisualStudioVersion = 10.0.40219.1
Project("{FAE04EC0-301F-11D3-BF4B-00C04F79EFBC}") = "Lesson7", "Lesson7\Lesson7.csproj", "{5DF09F7E-6A4E-48DE-8D81-B60863D48004}"
EndProject
Global
	GlobalSection(SolutionConfigurationPlatforms) = preSolution
		Debug|Any CPU = Debug|Any CPU
		Release|Any CPU = Release|Any CPU
	EndGlobalSection
	GlobalSection(ProjectConfigurationPlatforms) = postSolution
		{5DF09F7E-6A4E-48DE-8D81-B60863D48004}.Debug|Any CPU.ActiveCfg = Debug|Any CPU
		{5DF09F7E-6A4E-48DE-8D81-B60863D48004}.Debug|Any CPU.Build.0 = Debug|Any CPU
		{5DF09F7E-6A4E-48DE-8D81-B60863D48004}.Release|Any CPU.ActiveCfg = Release|Any CPU
		{5DF09F7E-6A4E-48DE-8D81-B60863D48004}.Release|Any CPU.Build.0 = Release|Any CPU
	EndGlobalSection
	GlobalSection(SolutionProperties) = preSolution
		HideSolutionNode = FALSE
	EndGlobalSection
	GlobalSection(ExtensibilityGlobals) = postSolution
		SolutionGuid = {99944C86-2FD4-4817-8230-0FE7EED9745F}
	EndGlobalSection
EndGlobal
