
Microsoft Visual Studio Solution File, Format Version 12.00
# Visual Studio Version 16
VisualStudioVersion = 16.0.31321.278
MinimumVisualStudioVersion = 10.0.40219.1
Project("{FAE04EC0-301F-11D3-BF4B-00C04F79EFBC}") = "Lesson6", "Lesson6\Lesson6.csproj", "{E28D10EE-6409-4CB2-AF3A-AD40B6986D33}"
EndProject
Global
	GlobalSection(SolutionConfigurationPlatforms) = preSolution
		Debug|Any CPU = Debug|Any CPU
		Release|Any CPU = Release|Any CPU
	EndGlobalSection
	GlobalSection(ProjectConfigurationPlatforms) = postSolution
		{E28D10EE-6409-4CB2-AF3A-AD40B6986D33}.Debug|Any CPU.ActiveCfg = Debug|Any CPU
		{E28D10EE-6409-4CB2-AF3A-AD40B6986D33}.Debug|Any CPU.Build.0 = Debug|Any CPU
		{E28D10EE-6409-4CB2-AF3A-AD40B6986D33}.Release|Any CPU.ActiveCfg = Release|Any CPU
		{E28D10EE-6409-4CB2-AF3A-AD40B6986D33}.Release|Any CPU.Build.0 = Release|Any CPU
	EndGlobalSection
	GlobalSection(SolutionProperties) = preSolution
		HideSolutionNode = FALSE
	EndGlobalSection
	GlobalSection(ExtensibilityGlobals) = postSolution
		SolutionGuid = {CAF1B51B-9A8E-4CAD-B896-94E8167DBF8E}
	EndGlobalSection
EndGlobal
